
Microsoft Visual Studio Solution File, Format Version 12.00
# Visual Studio Version 16
VisualStudioVersion = 16.0.810.25
MinimumVisualStudioVersion = 10.0.40219.1
Project("{FAE04EC0-301F-11D3-BF4B-00C04F79EFBC}") = "AlgorithmTest", "AlgorithmTest\AlgorithmTest.csproj", "{4F905E1A-1FF3-482D-B3AE-E9A905735B10}"
EndProject
Global
	GlobalSection(SolutionConfigurationPlatforms) = preSolution
		Debug|Any CPU = Debug|Any CPU
		Release|Any CPU = Release|Any CPU
	EndGlobalSection
	GlobalSection(ProjectConfigurationPlatforms) = postSolution
		{4F905E1A-1FF3-482D-B3AE-E9A905735B10}.Debug|Any CPU.ActiveCfg = Debug|Any CPU
		{4F905E1A-1FF3-482D-B3AE-E9A905735B10}.Debug|Any CPU.Build.0 = Debug|Any CPU
		{4F905E1A-1FF3-482D-B3AE-E9A905735B10}.Release|Any CPU.ActiveCfg = Release|Any CPU
		{4F905E1A-1FF3-482D-B3AE-E9A905735B10}.Release|Any CPU.Build.0 = Release|Any CPU
	EndGlobalSection
	GlobalSection(SolutionProperties) = preSolution
		HideSolutionNode = FALSE
	EndGlobalSection
	GlobalSection(ExtensibilityGlobals) = postSolution
		SolutionGuid = {16F3073A-ACD2-4CF1-A561-10CA1AEFEACD}
	EndGlobalSection
EndGlobal
